
Microsoft Visual Studio Solution File, Format Version 12.00
# Visual Studio Version 17
VisualStudioVersion = 17.5.33502.453
MinimumVisualStudioVersion = 10.0.40219.1
Project("{FAE04EC0-301F-11D3-BF4B-00C04F79EFBC}") = "Rylib.test", "Rylib.test\Rylib.test.csproj", "{5DACD70A-F5F9-4227-8D18-6C9FDD1F0617}"
EndProject
Global
	GlobalSection(SolutionConfigurationPlatforms) = preSolution
		Debug|Any CPU = Debug|Any CPU
		Release|Any CPU = Release|Any CPU
	EndGlobalSection
	GlobalSection(ProjectConfigurationPlatforms) = postSolution
		{5DACD70A-F5F9-4227-8D18-6C9FDD1F0617}.Debug|Any CPU.ActiveCfg = Debug|Any CPU
		{5DACD70A-F5F9-4227-8D18-6C9FDD1F0617}.Debug|Any CPU.Build.0 = Debug|Any CPU
		{5DACD70A-F5F9-4227-8D18-6C9FDD1F0617}.Release|Any CPU.ActiveCfg = Release|Any CPU
		{5DACD70A-F5F9-4227-8D18-6C9FDD1F0617}.Release|Any CPU.Build.0 = Release|Any CPU
	EndGlobalSection
	GlobalSection(SolutionProperties) = preSolution
		HideSolutionNode = FALSE
	EndGlobalSection
	GlobalSection(ExtensibilityGlobals) = postSolution
		SolutionGuid = {2164835C-47A5-44FF-8214-1C1E65FAF360}
	EndGlobalSection
EndGlobal
