
Microsoft Visual Studio Solution File, Format Version 12.00
# Visual Studio Version 17
VisualStudioVersion = 17.5.33502.453
MinimumVisualStudioVersion = 10.0.40219.1
Project("{9A19103F-16F7-4668-BE54-9A1E7A4F7556}") = "Rogue", "Rogue\Rogue.csproj", "{B0097FAF-4774-497C-826C-2E9145AFF955}"
EndProject
Project("{9A19103F-16F7-4668-BE54-9A1E7A4F7556}") = "TurboMapReader", "..\TurboMapReader\TurboMapReader-main\TurboMapReader.csproj", "{11B63AF1-9690-42BB-B144-35D499C5DAC1}"
EndProject
Project("{9A19103F-16F7-4668-BE54-9A1E7A4F7556}") = "RayGuiCreator", "..\RayGuiCreator-main\RayGuiCreator-main\RayGuiCreator\RayGuiCreator.csproj", "{43CBF255-A0D2-437A-9BDD-7FBD7493AB0A}"
EndProject
Global
	GlobalSection(SolutionConfigurationPlatforms) = preSolution
		Debug|Any CPU = Debug|Any CPU
		Release|Any CPU = Release|Any CPU
	EndGlobalSection
	GlobalSection(ProjectConfigurationPlatforms) = postSolution
		{B0097FAF-4774-497C-826C-2E9145AFF955}.Debug|Any CPU.ActiveCfg = Debug|Any CPU
		{B0097FAF-4774-497C-826C-2E9145AFF955}.Debug|Any CPU.Build.0 = Debug|Any CPU
		{B0097FAF-4774-497C-826C-2E9145AFF955}.Release|Any CPU.ActiveCfg = Release|Any CPU
		{B0097FAF-4774-497C-826C-2E9145AFF955}.Release|Any CPU.Build.0 = Release|Any CPU
		{11B63AF1-9690-42BB-B144-35D499C5DAC1}.Debug|Any CPU.ActiveCfg = Debug|Any CPU
		{11B63AF1-9690-42BB-B144-35D499C5DAC1}.Debug|Any CPU.Build.0 = Debug|Any CPU
		{11B63AF1-9690-42BB-B144-35D499C5DAC1}.Release|Any CPU.ActiveCfg = Release|Any CPU
		{11B63AF1-9690-42BB-B144-35D499C5DAC1}.Release|Any CPU.Build.0 = Release|Any CPU
		{43CBF255-A0D2-437A-9BDD-7FBD7493AB0A}.Debug|Any CPU.ActiveCfg = Debug|Any CPU
		{43CBF255-A0D2-437A-9BDD-7FBD7493AB0A}.Debug|Any CPU.Build.0 = Debug|Any CPU
		{43CBF255-A0D2-437A-9BDD-7FBD7493AB0A}.Release|Any CPU.ActiveCfg = Release|Any CPU
		{43CBF255-A0D2-437A-9BDD-7FBD7493AB0A}.Release|Any CPU.Build.0 = Release|Any CPU
	EndGlobalSection
	GlobalSection(SolutionProperties) = preSolution
		HideSolutionNode = FALSE
	EndGlobalSection
	GlobalSection(ExtensibilityGlobals) = postSolution
		SolutionGuid = {39E2D595-7628-4A6A-9CBF-9E3F178C81CE}
	EndGlobalSection
EndGlobal
